name: State Unlock Template

on:
  workflow_call:
    inputs:
      CLUSTER_ENV:
        required: true
        type: string
        description: Cluster environment (ex. prod)
      CLUSTER_LOCATION:
        required: true
        type: string
        description: Cluster location (ex. europe)
      RUNNER:
        required: true
        type: string
        description: Github runner name
      REF:
        required: false
        type: string
        default: ${{ github.ref }}
        description: Branch/Commit/Tag to checkout
    secrets:
      GCP_SA_KEY:
        required: true
        description: Google cloud github action service account key
      GH_CI_CD_TOKEN:
        required: true
        description: GitHub - De Marque CI/CD aka Jenkins personnal access tokens (classic)
      SLACK_WEBHOOK_URL:
        required: true
        description: Product slack webhook url

jobs:
  unlock-terraform-state:
    name: Unlock Terraform State
    runs-on: ${{ inputs.RUNNER }}

    steps:
      - name: Checkout Repository
        uses: actions/checkout@v3.1.0
        with:
          ref: ${{ inputs.REF }}

      - name: GCloud Authentification
        uses: google-github-actions/auth@v0.8.3
        with:
          credentials_json: ${{ secrets.GCP_SA_KEY }}

      - name: Prepare credentials
        run: |
          mkdir -p creds
          ln -s $GOOGLE_APPLICATION_CREDENTIALS creds/serviceaccount.json

      - name: Setup Terraform
        uses: hashicorp/setup-terraform@v2.0.2
        with:
          terraform_version: 1.2.3

      - name: Terraform Init
        id: init
        run: |
          cd environments/${{ inputs.CLUSTER_ENV }}/${{ inputs.CLUSTER_LOCATION }}
          terraform init

      - name: Get Terraform State Lock
        id: get-lock
        run: |
          cd environments/${{ inputs.CLUSTER_ENV }}/${{ inputs.CLUSTER_LOCATION }}
          terraform plan -no-color -out ${{ inputs.CLUSTER_ENV }}-${{ inputs.CLUSTER_LOCATION }}.out -var-file=${{ inputs.CLUSTER_ENV }}-${{ inputs.CLUSTER_LOCATION }}.tfvars
        continue-on-error: true

      - name: Unlock The State
        run: |
          LOCK_ID=$(echo "${{ steps.get-lock.outputs.stderr }}" | grep -oP '\s+ID:\s+\K([0-9]+)')
          cd environments/${{ inputs.CLUSTER_ENV }}/${{ inputs.CLUSTER_LOCATION }}
          terraform force-unlock -force ${LOCK_ID}

  finalize:
    name: Finalize
    runs-on: ubuntu-latest
    needs: unlock-terraform-state
    if: ${{ failure() }}

    steps:
      - name: Fetch Workflow Conclusion
        uses: technote-space/workflow-conclusion-action@v3.0.2

      - name: Notify
        uses: 8398a7/action-slack@v3.14.0
        with:
          status: ${{ env.WORKFLOW_CONCLUSION }}
          fields: repo,message,commit,author,action,eventName,ref,workflow
        env:
          GITHUB_TOKEN: ${{ secrets.GH_CI_CD_TOKEN }}
          SLACK_WEBHOOK_URL: ${{ secrets.SLACK_WEBHOOK_URL }}
